
Microsoft Visual Studio Solution File, Format Version 12.00
# Visual Studio Version 17
VisualStudioVersion = 17.8.34511.84
MinimumVisualStudioVersion = 10.0.40219.1
Project("{FAE04EC0-301F-11D3-BF4B-00C04F79EFBC}") = "Assignment1", "Assignment1\Assignment1.csproj", "{B95077FD-AEA2-439D-A24F-AE3AC0E99630}"
EndProject
Global
	GlobalSection(SolutionConfigurationPlatforms) = preSolution
		Debug|Any CPU = Debug|Any CPU
		Release|Any CPU = Release|Any CPU
	EndGlobalSection
	GlobalSection(ProjectConfigurationPlatforms) = postSolution
		{B95077FD-AEA2-439D-A24F-AE3AC0E99630}.Debug|Any CPU.ActiveCfg = Debug|Any CPU
		{B95077FD-AEA2-439D-A24F-AE3AC0E99630}.Debug|Any CPU.Build.0 = Debug|Any CPU
		{B95077FD-AEA2-439D-A24F-AE3AC0E99630}.Release|Any CPU.ActiveCfg = Release|Any CPU
		{B95077FD-AEA2-439D-A24F-AE3AC0E99630}.Release|Any CPU.Build.0 = Release|Any CPU
	EndGlobalSection
	GlobalSection(SolutionProperties) = preSolution
		HideSolutionNode = FALSE
	EndGlobalSection
	GlobalSection(ExtensibilityGlobals) = postSolution
		SolutionGuid = {C1F26B3C-5BC0-4047-9E1A-1510DBCEA343}
	EndGlobalSection
EndGlobal
